{
  "name": "advanced-object",
  "version": "1.0.0",
  "lockfileVersion": 2,
  "requires": true,
  "packages": {
    "": {
      "name": "advanced-object",
      "version": "1.0.0",
      "license": "MIT",
      "dependencies": {
        "edit-nested-object": "^1.2.2",
        "is-object-equal": "^1.2.1",
        "read-nested-object": "^1.0.1"
      }
    },
    "node_modules/edit-nested-object": {
      "version": "1.2.2",
      "resolved": "https://registry.npmjs.org/edit-nested-object/-/edit-nested-object-1.2.2.tgz",
      "integrity": "sha512-wSMHsK9WPqO3+BjNMPBBbOlaTsUfk7Ykcryisu1bMCLlCn1K540bP747hlpOjiCNcH1cOp7iN7ChBwxkhdosMg=="
    },
    "node_modules/is-object-equal": {
      "version": "1.2.1",
      "resolved": "https://registry.npmjs.org/is-object-equal/-/is-object-equal-1.2.1.tgz",
      "integrity": "sha512-MJroo0JbzSAcXMMmqqZenmEwSLixPgKEyh5QM8AYc46iOS0xEMbBf3vleUSwWs8p0RHgx68EMEYZiOo8hi5Cpw=="
    },
    "node_modules/read-nested-object": {
      "version": "1.0.1",
      "resolved": "https://registry.npmjs.org/read-nested-object/-/read-nested-object-1.0.1.tgz",
      "integrity": "sha512-suWBYoA5k3zz/KfV3MQ4w3FVeJaB+Ugr2oW9fxnzokseXov39wNjohkCdXJZcFrtl544Ub1FwALYSA8KpipK9w=="
    }
  },
  "dependencies": {
    "edit-nested-object": {
      "version": "1.2.2",
      "resolved": "https://registry.npmjs.org/edit-nested-object/-/edit-nested-object-1.2.2.tgz",
      "integrity": "sha512-wSMHsK9WPqO3+BjNMPBBbOlaTsUfk7Ykcryisu1bMCLlCn1K540bP747hlpOjiCNcH1cOp7iN7ChBwxkhdosMg=="
    },
    "is-object-equal": {
      "version": "1.2.1",
      "resolved": "https://registry.npmjs.org/is-object-equal/-/is-object-equal-1.2.1.tgz",
      "integrity": "sha512-MJroo0JbzSAcXMMmqqZenmEwSLixPgKEyh5QM8AYc46iOS0xEMbBf3vleUSwWs8p0RHgx68EMEYZiOo8hi5Cpw=="
    },
    "read-nested-object": {
      "version": "1.0.1",
      "resolved": "https://registry.npmjs.org/read-nested-object/-/read-nested-object-1.0.1.tgz",
      "integrity": "sha512-suWBYoA5k3zz/KfV3MQ4w3FVeJaB+Ugr2oW9fxnzokseXov39wNjohkCdXJZcFrtl544Ub1FwALYSA8KpipK9w=="
    }
  }
}
